<Solution>
  <Configurations>
    <Platform Name="x64" />
    <Platform Name="x86" />
  </Configurations>
  <Project Path="Project (Stone-Paper-Scissor)/Project (Stone-Paper-Scissor).vcxproj" Id="91a54914-03cc-4e12-886d-0ed3af915067" />
  <Project Path="Simple-Text-Encryptor/Simple-Text-Encryptor.vcxproj" Id="589c2b1e-2172-4eab-91fd-23aae3aabb70" />
</Solution>
